// !$*UTF8*$!
{
	archiveVersion = 1;
	classes = {
	};
	objectVersion = 48;
	objects = {

/* Begin PBXBuildFile section */
		9CB1438620107ED6007DD27E /* Algorithms.swift in Sources */ = {isa = PBXBuildFile; fileRef = 9CB1435C20107ED6007DD27E /* Algorithms.swift */; };
		9CB1438720107ED6007DD27E /* NavigationController.swift in Sources */ = {isa = PBXBuildFile; fileRef = 9CB1435E20107ED6007DD27E /* NavigationController.swift */; };
		9CB1438820107ED6007DD27E /* TabBarController.swift in Sources */ = {isa = PBXBuildFile; fileRef = 9CB1435F20107ED6007DD27E /* TabBarController.swift */; };
		9CB1438920107ED6007DD27E /* TableViewCell.swift in Sources */ = {isa = PBXBuildFile; fileRef = 9CB1436020107ED6007DD27E /* TableViewCell.swift */; };
		9CB1438A20107ED6007DD27E /* TableViewController.swift in Sources */ = {isa = PBXBuildFile; fileRef = 9CB1436120107ED6007DD27E /* TableViewController.swift */; };
		9CB1438B20107ED6007DD27E /* ViewController.swift in Sources */ = {isa = PBXBuildFile; fileRef = 9CB1436220107ED6007DD27E /* ViewController.swift */; };
		9CB1438C20107ED6007DD27E /* Console.swift in Sources */ = {isa = PBXBuildFile; fileRef = 9CB1436420107ED6007DD27E /* Console.swift */; };
		9CB1438D20107ED6007DD27E /* Ex_Calendar.swift in Sources */ = {isa = PBXBuildFile; fileRef = 9CB1436720107ED6007DD27E /* Ex_Calendar.swift */; };
		9CB1438E20107ED6007DD27E /* Ex_Date.swift in Sources */ = {isa = PBXBuildFile; fileRef = 9CB1436820107ED6007DD27E /* Ex_Date.swift */; };
		9CB1438F20107ED6007DD27E /* Ex_DateFormatter.swift in Sources */ = {isa = PBXBuildFile; fileRef = 9CB1436920107ED6007DD27E /* Ex_DateFormatter.swift */; };
		9CB1439020107ED6007DD27E /* Ex_Array.swift in Sources */ = {isa = PBXBuildFile; fileRef = 9CB1436A20107ED6007DD27E /* Ex_Array.swift */; };
		9CB1439120107ED6007DD27E /* Ex_CGRect.swift in Sources */ = {isa = PBXBuildFile; fileRef = 9CB1436B20107ED6007DD27E /* Ex_CGRect.swift */; };
		9CB1439220107ED6007DD27E /* Ex_Device.swift in Sources */ = {isa = PBXBuildFile; fileRef = 9CB1436C20107ED6007DD27E /* Ex_Device.swift */; };
		9CB1439320107ED6007DD27E /* Ex_DispatchQueue.swift in Sources */ = {isa = PBXBuildFile; fileRef = 9CB1436D20107ED6007DD27E /* Ex_DispatchQueue.swift */; };
		9CB1439420107ED6007DD27E /* Ex_Double.swift in Sources */ = {isa = PBXBuildFile; fileRef = 9CB1436E20107ED6007DD27E /* Ex_Double.swift */; };
		9CB1439520107ED6007DD27E /* Ex_Int.swift in Sources */ = {isa = PBXBuildFile; fileRef = 9CB1436F20107ED6007DD27E /* Ex_Int.swift */; };
		9CB1439620107ED6007DD27E /* Ex_String.swift in Sources */ = {isa = PBXBuildFile; fileRef = 9CB1437020107ED6007DD27E /* Ex_String.swift */; };
		9CB1439720107ED6007DD27E /* Ex_UIColor.swift in Sources */ = {isa = PBXBuildFile; fileRef = 9CB1437120107ED6007DD27E /* Ex_UIColor.swift */; };
		9CB1439820107ED6007DD27E /* Ex_UIFont.swift in Sources */ = {isa = PBXBuildFile; fileRef = 9CB1437220107ED6007DD27E /* Ex_UIFont.swift */; };
		9CB1439920107ED6007DD27E /* Ex_UIScrollView.swift in Sources */ = {isa = PBXBuildFile; fileRef = 9CB1437320107ED6007DD27E /* Ex_UIScrollView.swift */; };
		9CB1439A20107ED6007DD27E /* Ex_UITextView.swift in Sources */ = {isa = PBXBuildFile; fileRef = 9CB1437420107ED6007DD27E /* Ex_UITextView.swift */; };
		9CB1439B20107ED6007DD27E /* Ex_View.swift in Sources */ = {isa = PBXBuildFile; fileRef = 9CB1437520107ED6007DD27E /* Ex_View.swift */; };
		9CB1439C20107ED6007DD27E /* NotifierProtocol.swift in Sources */ = {isa = PBXBuildFile; fileRef = 9CB1437720107ED6007DD27E /* NotifierProtocol.swift */; };
		9CB1439D20107ED6007DD27E /* QueueProtocol.swift in Sources */ = {isa = PBXBuildFile; fileRef = 9CB1437820107ED6007DD27E /* QueueProtocol.swift */; };
		9CB1439F20107ED6007DD27E /* Ex_View_Tips.swift in Sources */ = {isa = PBXBuildFile; fileRef = 9CB1437B20107ED6007DD27E /* Ex_View_Tips.swift */; };
		9CB143A020107ED6007DD27E /* TipsView.swift in Sources */ = {isa = PBXBuildFile; fileRef = 9CB1437C20107ED6007DD27E /* TipsView.swift */; };
		9CB143A120107ED6007DD27E /* TipsView_Animate.swift in Sources */ = {isa = PBXBuildFile; fileRef = 9CB1437D20107ED6007DD27E /* TipsView_Animate.swift */; };
		9CB143A220107ED6007DD27E /* TipsView_Background.swift in Sources */ = {isa = PBXBuildFile; fileRef = 9CB1437E20107ED6007DD27E /* TipsView_Background.swift */; };
		9CB143A320107ED6007DD27E /* TipsView_Label.swift in Sources */ = {isa = PBXBuildFile; fileRef = 9CB1437F20107ED6007DD27E /* TipsView_Label.swift */; };
		9CB143A420107ED6007DD27E /* TipsView_SubView.swift in Sources */ = {isa = PBXBuildFile; fileRef = 9CB1438020107ED6007DD27E /* TipsView_SubView.swift */; };
		9CB143A520107ED6007DD27E /* Button.swift in Sources */ = {isa = PBXBuildFile; fileRef = 9CB1438220107ED6007DD27E /* Button.swift */; };
		9CB143A620107ED6007DD27E /* ImageView.swift in Sources */ = {isa = PBXBuildFile; fileRef = 9CB1438320107ED6007DD27E /* ImageView.swift */; };
		9CB143A720107ED6007DD27E /* View.swift in Sources */ = {isa = PBXBuildFile; fileRef = 9CB1438420107ED6007DD27E /* View.swift */; };
		9CB143AA20108043007DD27E /* Book.swift in Sources */ = {isa = PBXBuildFile; fileRef = 9CB143A920108043007DD27E /* Book.swift */; };
		9CB143AD2010808C007DD27E /* Ex_Segment.swift in Sources */ = {isa = PBXBuildFile; fileRef = 9CB143AC2010808C007DD27E /* Ex_Segment.swift */; };
		9CB143AF201082FC007DD27E /* Reader.swift in Sources */ = {isa = PBXBuildFile; fileRef = 9CB143AE201082FC007DD27E /* Reader.swift */; };
		9CB55832200E2FB60078AEDE /* AppDelegate.swift in Sources */ = {isa = PBXBuildFile; fileRef = 9CB55831200E2FB60078AEDE /* AppDelegate.swift */; };
		9CB55837200E2FB60078AEDE /* Main.storyboard in Resources */ = {isa = PBXBuildFile; fileRef = 9CB55835200E2FB60078AEDE /* Main.storyboard */; };
		9CB55839200E2FB60078AEDE /* Assets.xcassets in Resources */ = {isa = PBXBuildFile; fileRef = 9CB55838200E2FB60078AEDE /* Assets.xcassets */; };
		9CB5583C200E2FB60078AEDE /* LaunchScreen.storyboard in Resources */ = {isa = PBXBuildFile; fileRef = 9CB5583A200E2FB60078AEDE /* LaunchScreen.storyboard */; };
		9CB55896200E315B0078AEDE /* ReaderController.swift in Sources */ = {isa = PBXBuildFile; fileRef = 9CB55895200E315B0078AEDE /* ReaderController.swift */; };
		9CB5589A200E37BA0078AEDE /* UserDefault.swift in Sources */ = {isa = PBXBuildFile; fileRef = 9CB55899200E37BA0078AEDE /* UserDefault.swift */; };
		9CB5589D200E3A710078AEDE /* TouchView.swift in Sources */ = {isa = PBXBuildFile; fileRef = 9CB5589C200E3A710078AEDE /* TouchView.swift */; };
		9CB5589F200E42F50078AEDE /* TextReader.swift in Sources */ = {isa = PBXBuildFile; fileRef = 9CB5589E200E42F50078AEDE /* TextReader.swift */; };
/* End PBXBuildFile section */

/* Begin PBXFileReference section */
		9CB1435C20107ED6007DD27E /* Algorithms.swift */ = {isa = PBXFileReference; fileEncoding = 4; lastKnownFileType = sourcecode.swift; path = Algorithms.swift; sourceTree = "<group>"; };
		9CB1435E20107ED6007DD27E /* NavigationController.swift */ = {isa = PBXFileReference; fileEncoding = 4; lastKnownFileType = sourcecode.swift; path = NavigationController.swift; sourceTree = "<group>"; };
		9CB1435F20107ED6007DD27E /* TabBarController.swift */ = {isa = PBXFileReference; fileEncoding = 4; lastKnownFileType = sourcecode.swift; path = TabBarController.swift; sourceTree = "<group>"; };
		9CB1436020107ED6007DD27E /* TableViewCell.swift */ = {isa = PBXFileReference; fileEncoding = 4; lastKnownFileType = sourcecode.swift; path = TableViewCell.swift; sourceTree = "<group>"; };
		9CB1436120107ED6007DD27E /* TableViewController.swift */ = {isa = PBXFileReference; fileEncoding = 4; lastKnownFileType = sourcecode.swift; path = TableViewController.swift; sourceTree = "<group>"; };
		9CB1436220107ED6007DD27E /* ViewController.swift */ = {isa = PBXFileReference; fileEncoding = 4; lastKnownFileType = sourcecode.swift; path = ViewController.swift; sourceTree = "<group>"; };
		9CB1436420107ED6007DD27E /* Console.swift */ = {isa = PBXFileReference; fileEncoding = 4; lastKnownFileType = sourcecode.swift; path = Console.swift; sourceTree = "<group>"; };
		9CB1436720107ED6007DD27E /* Ex_Calendar.swift */ = {isa = PBXFileReference; fileEncoding = 4; lastKnownFileType = sourcecode.swift; path = Ex_Calendar.swift; sourceTree = "<group>"; };
		9CB1436820107ED6007DD27E /* Ex_Date.swift */ = {isa = PBXFileReference; fileEncoding = 4; lastKnownFileType = sourcecode.swift; path = Ex_Date.swift; sourceTree = "<group>"; };
		9CB1436920107ED6007DD27E /* Ex_DateFormatter.swift */ = {isa = PBXFileReference; fileEncoding = 4; lastKnownFileType = sourcecode.swift; path = Ex_DateFormatter.swift; sourceTree = "<group>"; };
		9CB1436A20107ED6007DD27E /* Ex_Array.swift */ = {isa = PBXFileReference; fileEncoding = 4; lastKnownFileType = sourcecode.swift; path = Ex_Array.swift; sourceTree = "<group>"; };
		9CB1436B20107ED6007DD27E /* Ex_CGRect.swift */ = {isa = PBXFileReference; fileEncoding = 4; lastKnownFileType = sourcecode.swift; path = Ex_CGRect.swift; sourceTree = "<group>"; };
		9CB1436C20107ED6007DD27E /* Ex_Device.swift */ = {isa = PBXFileReference; fileEncoding = 4; lastKnownFileType = sourcecode.swift; path = Ex_Device.swift; sourceTree = "<group>"; };
		9CB1436D20107ED6007DD27E /* Ex_DispatchQueue.swift */ = {isa = PBXFileReference; fileEncoding = 4; lastKnownFileType = sourcecode.swift; path = Ex_DispatchQueue.swift; sourceTree = "<group>"; };
		9CB1436E20107ED6007DD27E /* Ex_Double.swift */ = {isa = PBXFileReference; fileEncoding = 4; lastKnownFileType = sourcecode.swift; path = Ex_Double.swift; sourceTree = "<group>"; };
		9CB1436F20107ED6007DD27E /* Ex_Int.swift */ = {isa = PBXFileReference; fileEncoding = 4; lastKnownFileType = sourcecode.swift; path = Ex_Int.swift; sourceTree = "<group>"; };
		9CB1437020107ED6007DD27E /* Ex_String.swift */ = {isa = PBXFileReference; fileEncoding = 4; lastKnownFileType = sourcecode.swift; path = Ex_String.swift; sourceTree = "<group>"; };
		9CB1437120107ED6007DD27E /* Ex_UIColor.swift */ = {isa = PBXFileReference; fileEncoding = 4; lastKnownFileType = sourcecode.swift; path = Ex_UIColor.swift; sourceTree = "<group>"; };
		9CB1437220107ED6007DD27E /* Ex_UIFont.swift */ = {isa = PBXFileReference; fileEncoding = 4; lastKnownFileType = sourcecode.swift; path = Ex_UIFont.swift; sourceTree = "<group>"; };
		9CB1437320107ED6007DD27E /* Ex_UIScrollView.swift */ = {isa = PBXFileReference; fileEncoding = 4; lastKnownFileType = sourcecode.swift; path = Ex_UIScrollView.swift; sourceTree = "<group>"; };
		9CB1437420107ED6007DD27E /* Ex_UITextView.swift */ = {isa = PBXFileReference; fileEncoding = 4; lastKnownFileType = sourcecode.swift; path = Ex_UITextView.swift; sourceTree = "<group>"; };
		9CB1437520107ED6007DD27E /* Ex_View.swift */ = {isa = PBXFileReference; fileEncoding = 4; lastKnownFileType = sourcecode.swift; path = Ex_View.swift; sourceTree = "<group>"; };
		9CB1437720107ED6007DD27E /* NotifierProtocol.swift */ = {isa = PBXFileReference; fileEncoding = 4; lastKnownFileType = sourcecode.swift; path = NotifierProtocol.swift; sourceTree = "<group>"; };
		9CB1437820107ED6007DD27E /* QueueProtocol.swift */ = {isa = PBXFileReference; fileEncoding = 4; lastKnownFileType = sourcecode.swift; path = QueueProtocol.swift; sourceTree = "<group>"; };
		9CB1437B20107ED6007DD27E /* Ex_View_Tips.swift */ = {isa = PBXFileReference; fileEncoding = 4; lastKnownFileType = sourcecode.swift; path = Ex_View_Tips.swift; sourceTree = "<group>"; };
		9CB1437C20107ED6007DD27E /* TipsView.swift */ = {isa = PBXFileReference; fileEncoding = 4; lastKnownFileType = sourcecode.swift; path = TipsView.swift; sourceTree = "<group>"; };
		9CB1437D20107ED6007DD27E /* TipsView_Animate.swift */ = {isa = PBXFileReference; fileEncoding = 4; lastKnownFileType = sourcecode.swift; path = TipsView_Animate.swift; sourceTree = "<group>"; };
		9CB1437E20107ED6007DD27E /* TipsView_Background.swift */ = {isa = PBXFileReference; fileEncoding = 4; lastKnownFileType = sourcecode.swift; path = TipsView_Background.swift; sourceTree = "<group>"; };
		9CB1437F20107ED6007DD27E /* TipsView_Label.swift */ = {isa = PBXFileReference; fileEncoding = 4; lastKnownFileType = sourcecode.swift; path = TipsView_Label.swift; sourceTree = "<group>"; };
		9CB1438020107ED6007DD27E /* TipsView_SubView.swift */ = {isa = PBXFileReference; fileEncoding = 4; lastKnownFileType = sourcecode.swift; path = TipsView_SubView.swift; sourceTree = "<group>"; };
		9CB1438220107ED6007DD27E /* Button.swift */ = {isa = PBXFileReference; fileEncoding = 4; lastKnownFileType = sourcecode.swift; path = Button.swift; sourceTree = "<group>"; };
		9CB1438320107ED6007DD27E /* ImageView.swift */ = {isa = PBXFileReference; fileEncoding = 4; lastKnownFileType = sourcecode.swift; path = ImageView.swift; sourceTree = "<group>"; };
		9CB1438420107ED6007DD27E /* View.swift */ = {isa = PBXFileReference; fileEncoding = 4; lastKnownFileType = sourcecode.swift; path = View.swift; sourceTree = "<group>"; };
		9CB143A820107F18007DD27E /* Test.md */ = {isa = PBXFileReference; lastKnownFileType = net.daringfireball.markdown; path = Test.md; sourceTree = "<group>"; };
		9CB143A920108043007DD27E /* Book.swift */ = {isa = PBXFileReference; lastKnownFileType = sourcecode.swift; path = Book.swift; sourceTree = "<group>"; };
		9CB143AC2010808C007DD27E /* Ex_Segment.swift */ = {isa = PBXFileReference; lastKnownFileType = sourcecode.swift; path = Ex_Segment.swift; sourceTree = "<group>"; };
		9CB143AE201082FC007DD27E /* Reader.swift */ = {isa = PBXFileReference; lastKnownFileType = sourcecode.swift; path = Reader.swift; sourceTree = "<group>"; };
		9CB5582E200E2FB60078AEDE /* MyReader.app */ = {isa = PBXFileReference; explicitFileType = wrapper.application; includeInIndex = 0; path = MyReader.app; sourceTree = BUILT_PRODUCTS_DIR; };
		9CB55831200E2FB60078AEDE /* AppDelegate.swift */ = {isa = PBXFileReference; lastKnownFileType = sourcecode.swift; path = AppDelegate.swift; sourceTree = "<group>"; };
		9CB55836200E2FB60078AEDE /* Base */ = {isa = PBXFileReference; lastKnownFileType = file.storyboard; name = Base; path = Base.lproj/Main.storyboard; sourceTree = "<group>"; };
		9CB55838200E2FB60078AEDE /* Assets.xcassets */ = {isa = PBXFileReference; lastKnownFileType = folder.assetcatalog; path = Assets.xcassets; sourceTree = "<group>"; };
		9CB5583B200E2FB60078AEDE /* Base */ = {isa = PBXFileReference; lastKnownFileType = file.storyboard; name = Base; path = Base.lproj/LaunchScreen.storyboard; sourceTree = "<group>"; };
		9CB5583D200E2FB60078AEDE /* Info.plist */ = {isa = PBXFileReference; lastKnownFileType = text.plist.xml; path = Info.plist; sourceTree = "<group>"; };
		9CB55895200E315B0078AEDE /* ReaderController.swift */ = {isa = PBXFileReference; lastKnownFileType = sourcecode.swift; path = ReaderController.swift; sourceTree = "<group>"; };
		9CB55899200E37BA0078AEDE /* UserDefault.swift */ = {isa = PBXFileReference; lastKnownFileType = sourcecode.swift; path = UserDefault.swift; sourceTree = "<group>"; };
		9CB5589C200E3A710078AEDE /* TouchView.swift */ = {isa = PBXFileReference; lastKnownFileType = sourcecode.swift; path = TouchView.swift; sourceTree = "<group>"; };
		9CB5589E200E42F50078AEDE /* TextReader.swift */ = {isa = PBXFileReference; lastKnownFileType = sourcecode.swift; path = TextReader.swift; sourceTree = "<group>"; };
/* End PBXFileReference section */

/* Begin PBXFrameworksBuildPhase section */
		9CB5582B200E2FB60078AEDE /* Frameworks */ = {
			isa = PBXFrameworksBuildPhase;
			buildActionMask = 2147483647;
			files = (
			);
			runOnlyForDeploymentPostprocessing = 0;
		};
/* End PBXFrameworksBuildPhase section */

/* Begin PBXGroup section */
		9CB1435920107ED6007DD27E /* ToolBox */ = {
			isa = PBXGroup;
			children = (
				9CB1435B20107ED6007DD27E /* Algorithms */,
				9CB1435D20107ED6007DD27E /* Basis Controller */,
				9CB1436320107ED6007DD27E /* Console */,
				9CB1436520107ED6007DD27E /* Extension */,
				9CB1437620107ED6007DD27E /* Protocol */,
				9CB1437A20107ED6007DD27E /* Tips */,
				9CB1438120107ED6007DD27E /* UIKit */,
			);
			name = ToolBox;
			path = ../../../../ToolBox;
			sourceTree = "<group>";
		};
		9CB1435B20107ED6007DD27E /* Algorithms */ = {
			isa = PBXGroup;
			children = (
				9CB1435C20107ED6007DD27E /* Algorithms.swift */,
			);
			path = Algorithms;
			sourceTree = "<group>";
		};
		9CB1435D20107ED6007DD27E /* Basis Controller */ = {
			isa = PBXGroup;
			children = (
				9CB1435E20107ED6007DD27E /* NavigationController.swift */,
				9CB1435F20107ED6007DD27E /* TabBarController.swift */,
				9CB1436020107ED6007DD27E /* TableViewCell.swift */,
				9CB1436120107ED6007DD27E /* TableViewController.swift */,
				9CB1436220107ED6007DD27E /* ViewController.swift */,
			);
			path = "Basis Controller";
			sourceTree = "<group>";
		};
		9CB1436320107ED6007DD27E /* Console */ = {
			isa = PBXGroup;
			children = (
				9CB1436420107ED6007DD27E /* Console.swift */,
			);
			path = Console;
			sourceTree = "<group>";
		};
		9CB1436520107ED6007DD27E /* Extension */ = {
			isa = PBXGroup;
			children = (
				9CB1436620107ED6007DD27E /* Date and Calendar */,
				9CB1436A20107ED6007DD27E /* Ex_Array.swift */,
				9CB1436B20107ED6007DD27E /* Ex_CGRect.swift */,
				9CB1436C20107ED6007DD27E /* Ex_Device.swift */,
				9CB1436D20107ED6007DD27E /* Ex_DispatchQueue.swift */,
				9CB1436E20107ED6007DD27E /* Ex_Double.swift */,
				9CB1436F20107ED6007DD27E /* Ex_Int.swift */,
				9CB1437020107ED6007DD27E /* Ex_String.swift */,
				9CB1437120107ED6007DD27E /* Ex_UIColor.swift */,
				9CB1437220107ED6007DD27E /* Ex_UIFont.swift */,
				9CB1437320107ED6007DD27E /* Ex_UIScrollView.swift */,
				9CB1437420107ED6007DD27E /* Ex_UITextView.swift */,
				9CB1437520107ED6007DD27E /* Ex_View.swift */,
			);
			path = Extension;
			sourceTree = "<group>";
		};
		9CB1436620107ED6007DD27E /* Date and Calendar */ = {
			isa = PBXGroup;
			children = (
				9CB1436720107ED6007DD27E /* Ex_Calendar.swift */,
				9CB1436820107ED6007DD27E /* Ex_Date.swift */,
				9CB1436920107ED6007DD27E /* Ex_DateFormatter.swift */,
			);
			path = "Date and Calendar";
			sourceTree = "<group>";
		};
		9CB1437620107ED6007DD27E /* Protocol */ = {
			isa = PBXGroup;
			children = (
				9CB1437720107ED6007DD27E /* NotifierProtocol.swift */,
				9CB1437820107ED6007DD27E /* QueueProtocol.swift */,
			);
			path = Protocol;
			sourceTree = "<group>";
		};
		9CB1437A20107ED6007DD27E /* Tips */ = {
			isa = PBXGroup;
			children = (
				9CB1437B20107ED6007DD27E /* Ex_View_Tips.swift */,
				9CB1437C20107ED6007DD27E /* TipsView.swift */,
				9CB1437D20107ED6007DD27E /* TipsView_Animate.swift */,
				9CB1437E20107ED6007DD27E /* TipsView_Background.swift */,
				9CB1437F20107ED6007DD27E /* TipsView_Label.swift */,
				9CB1438020107ED6007DD27E /* TipsView_SubView.swift */,
			);
			path = Tips;
			sourceTree = "<group>";
		};
		9CB1438120107ED6007DD27E /* UIKit */ = {
			isa = PBXGroup;
			children = (
				9CB1438220107ED6007DD27E /* Button.swift */,
				9CB1438320107ED6007DD27E /* ImageView.swift */,
				9CB1438420107ED6007DD27E /* View.swift */,
			);
			path = UIKit;
			sourceTree = "<group>";
		};
		9CB143AB20108066007DD27E /* Book */ = {
			isa = PBXGroup;
			children = (
				9CB143A920108043007DD27E /* Book.swift */,
				9CB143AC2010808C007DD27E /* Ex_Segment.swift */,
			);
			path = Book;
			sourceTree = "<group>";
		};
		9CB143B0201083B1007DD27E /* UserInterface */ = {
			isa = PBXGroup;
			children = (
				9CB55893200E31150078AEDE /* Books */,
				9CB55894200E31450078AEDE /* Reader */,
			);
			path = UserInterface;
			sourceTree = "<group>";
		};
		9CB143B1201083CB007DD27E /* Reader */ = {
			isa = PBXGroup;
			children = (
				9CB143AE201082FC007DD27E /* Reader.swift */,
			);
			path = Reader;
			sourceTree = "<group>";
		};
		9CB55825200E2FB60078AEDE = {
			isa = PBXGroup;
			children = (
				9CB55830200E2FB60078AEDE /* MyReader */,
				9CB5582F200E2FB60078AEDE /* Products */,
			);
			sourceTree = "<group>";
		};
		9CB5582F200E2FB60078AEDE /* Products */ = {
			isa = PBXGroup;
			children = (
				9CB5582E200E2FB60078AEDE /* MyReader.app */,
			);
			name = Products;
			sourceTree = "<group>";
		};
		9CB55830200E2FB60078AEDE /* MyReader */ = {
			isa = PBXGroup;
			children = (
				9CB143B0201083B1007DD27E /* UserInterface */,
				9CB143B1201083CB007DD27E /* Reader */,
				9CB143AB20108066007DD27E /* Book */,
				9CB55845200E30E00078AEDE /* Library */,
				9CB55844200E30A20078AEDE /* Basis Files */,
				9CB55843200E2FD00078AEDE /* Resources */,
			);
			path = MyReader;
			sourceTree = "<group>";
		};
		9CB55843200E2FD00078AEDE /* Resources */ = {
			isa = PBXGroup;
			children = (
				9CB55835200E2FB60078AEDE /* Main.storyboard */,
				9CB55838200E2FB60078AEDE /* Assets.xcassets */,
				9CB5583A200E2FB60078AEDE /* LaunchScreen.storyboard */,
				9CB5583D200E2FB60078AEDE /* Info.plist */,
				9CB143A820107F18007DD27E /* Test.md */,
			);
			path = Resources;
			sourceTree = "<group>";
		};
		9CB55844200E30A20078AEDE /* Basis Files */ = {
			isa = PBXGroup;
			children = (
				9CB55831200E2FB60078AEDE /* AppDelegate.swift */,
			);
			path = "Basis Files";
			sourceTree = "<group>";
		};
		9CB55845200E30E00078AEDE /* Library */ = {
			isa = PBXGroup;
			children = (
				9CB1435920107ED6007DD27E /* ToolBox */,
			);
			path = Library;
			sourceTree = "<group>";
		};
		9CB55893200E31150078AEDE /* Books */ = {
			isa = PBXGroup;
			children = (
			);
			name = Books;
			path = ../Books;
			sourceTree = "<group>";
		};
		9CB55894200E31450078AEDE /* Reader */ = {
			isa = PBXGroup;
			children = (
				9CB55895200E315B0078AEDE /* ReaderController.swift */,
				9CB55899200E37BA0078AEDE /* UserDefault.swift */,
				9CB5589C200E3A710078AEDE /* TouchView.swift */,
				9CB5589E200E42F50078AEDE /* TextReader.swift */,
			);
			path = Reader;
			sourceTree = "<group>";
		};
/* End PBXGroup section */

/* Begin PBXNativeTarget section */
		9CB5582D200E2FB60078AEDE /* MyReader */ = {
			isa = PBXNativeTarget;
			buildConfigurationList = 9CB55840200E2FB60078AEDE /* Build configuration list for PBXNativeTarget "MyReader" */;
			buildPhases = (
				9CB5582A200E2FB60078AEDE /* Sources */,
				9CB5582B200E2FB60078AEDE /* Frameworks */,
				9CB5582C200E2FB60078AEDE /* Resources */,
			);
			buildRules = (
			);
			dependencies = (
			);
			name = MyReader;
			productName = MyReader;
			productReference = 9CB5582E200E2FB60078AEDE /* MyReader.app */;
			productType = "com.apple.product-type.application";
		};
/* End PBXNativeTarget section */

/* Begin PBXProject section */
		9CB55826200E2FB60078AEDE /* Project object */ = {
			isa = PBXProject;
			attributes = {
				LastSwiftUpdateCheck = 0910;
				LastUpgradeCheck = 0910;
				ORGANIZATIONNAME = myron;
				TargetAttributes = {
					9CB5582D200E2FB60078AEDE = {
						CreatedOnToolsVersion = 9.1;
						ProvisioningStyle = Automatic;
					};
				};
			};
			buildConfigurationList = 9CB55829200E2FB60078AEDE /* Build configuration list for PBXProject "MyReader" */;
			compatibilityVersion = "Xcode 8.0";
			developmentRegion = en;
			hasScannedForEncodings = 0;
			knownRegions = (
				en,
				Base,
			);
			mainGroup = 9CB55825200E2FB60078AEDE;
			productRefGroup = 9CB5582F200E2FB60078AEDE /* Products */;
			projectDirPath = "";
			projectRoot = "";
			targets = (
				9CB5582D200E2FB60078AEDE /* MyReader */,
			);
		};
/* End PBXProject section */

/* Begin PBXResourcesBuildPhase section */
		9CB5582C200E2FB60078AEDE /* Resources */ = {
			isa = PBXResourcesBuildPhase;
			buildActionMask = 2147483647;
			files = (
				9CB5583C200E2FB60078AEDE /* LaunchScreen.storyboard in Resources */,
				9CB55839200E2FB60078AEDE /* Assets.xcassets in Resources */,
				9CB55837200E2FB60078AEDE /* Main.storyboard in Resources */,
			);
			runOnlyForDeploymentPostprocessing = 0;
		};
/* End PBXResourcesBuildPhase section */

/* Begin PBXSourcesBuildPhase section */
		9CB5582A200E2FB60078AEDE /* Sources */ = {
			isa = PBXSourcesBuildPhase;
			buildActionMask = 2147483647;
			files = (
				9CB1439320107ED6007DD27E /* Ex_DispatchQueue.swift in Sources */,
				9CB143A420107ED6007DD27E /* TipsView_SubView.swift in Sources */,
				9CB1439D20107ED6007DD27E /* QueueProtocol.swift in Sources */,
				9CB1439420107ED6007DD27E /* Ex_Double.swift in Sources */,
				9CB143A020107ED6007DD27E /* TipsView.swift in Sources */,
				9CB1438F20107ED6007DD27E /* Ex_DateFormatter.swift in Sources */,
				9CB143A720107ED6007DD27E /* View.swift in Sources */,
				9CB1438E20107ED6007DD27E /* Ex_Date.swift in Sources */,
				9CB143A520107ED6007DD27E /* Button.swift in Sources */,
				9CB1439A20107ED6007DD27E /* Ex_UITextView.swift in Sources */,
				9CB55896200E315B0078AEDE /* ReaderController.swift in Sources */,
				9CB143AF201082FC007DD27E /* Reader.swift in Sources */,
				9CB143AA20108043007DD27E /* Book.swift in Sources */,
				9CB1438820107ED6007DD27E /* TabBarController.swift in Sources */,
				9CB1439720107ED6007DD27E /* Ex_UIColor.swift in Sources */,
				9CB143A120107ED6007DD27E /* TipsView_Animate.swift in Sources */,
				9CB1439020107ED6007DD27E /* Ex_Array.swift in Sources */,
				9CB5589A200E37BA0078AEDE /* UserDefault.swift in Sources */,
				9CB1439920107ED6007DD27E /* Ex_UIScrollView.swift in Sources */,
				9CB1439C20107ED6007DD27E /* NotifierProtocol.swift in Sources */,
				9CB1438A20107ED6007DD27E /* TableViewController.swift in Sources */,
				9CB1438B20107ED6007DD27E /* ViewController.swift in Sources */,
				9CB1439F20107ED6007DD27E /* Ex_View_Tips.swift in Sources */,
				9CB1438920107ED6007DD27E /* TableViewCell.swift in Sources */,
				9CB143A320107ED6007DD27E /* TipsView_Label.swift in Sources */,
				9CB1439620107ED6007DD27E /* Ex_String.swift in Sources */,
				9CB1438D20107ED6007DD27E /* Ex_Calendar.swift in Sources */,
				9CB55832200E2FB60078AEDE /* AppDelegate.swift in Sources */,
				9CB1438C20107ED6007DD27E /* Console.swift in Sources */,
				9CB1439520107ED6007DD27E /* Ex_Int.swift in Sources */,
				9CB1439B20107ED6007DD27E /* Ex_View.swift in Sources */,
				9CB143A620107ED6007DD27E /* ImageView.swift in Sources */,
				9CB143A220107ED6007DD27E /* TipsView_Background.swift in Sources */,
				9CB5589F200E42F50078AEDE /* TextReader.swift in Sources */,
				9CB5589D200E3A710078AEDE /* TouchView.swift in Sources */,
				9CB143AD2010808C007DD27E /* Ex_Segment.swift in Sources */,
				9CB1439820107ED6007DD27E /* Ex_UIFont.swift in Sources */,
				9CB1439220107ED6007DD27E /* Ex_Device.swift in Sources */,
				9CB1438720107ED6007DD27E /* NavigationController.swift in Sources */,
				9CB1438620107ED6007DD27E /* Algorithms.swift in Sources */,
				9CB1439120107ED6007DD27E /* Ex_CGRect.swift in Sources */,
			);
			runOnlyForDeploymentPostprocessing = 0;
		};
/* End PBXSourcesBuildPhase section */

/* Begin PBXVariantGroup section */
		9CB55835200E2FB60078AEDE /* Main.storyboard */ = {
			isa = PBXVariantGroup;
			children = (
				9CB55836200E2FB60078AEDE /* Base */,
			);
			name = Main.storyboard;
			sourceTree = "<group>";
		};
		9CB5583A200E2FB60078AEDE /* LaunchScreen.storyboard */ = {
			isa = PBXVariantGroup;
			children = (
				9CB5583B200E2FB60078AEDE /* Base */,
			);
			name = LaunchScreen.storyboard;
			sourceTree = "<group>";
		};
/* End PBXVariantGroup section */

/* Begin XCBuildConfiguration section */
		9CB5583E200E2FB60078AEDE /* Debug */ = {
			isa = XCBuildConfiguration;
			buildSettings = {
				ALWAYS_SEARCH_USER_PATHS = NO;
				CLANG_ANALYZER_NONNULL = YES;
				CLANG_ANALYZER_NUMBER_OBJECT_CONVERSION = YES_AGGRESSIVE;
				CLANG_CXX_LANGUAGE_STANDARD = "gnu++14";
				CLANG_CXX_LIBRARY = "libc++";
				CLANG_ENABLE_MODULES = YES;
				CLANG_ENABLE_OBJC_ARC = YES;
				CLANG_WARN_BLOCK_CAPTURE_AUTORELEASING = YES;
				CLANG_WARN_BOOL_CONVERSION = YES;
				CLANG_WARN_COMMA = YES;
				CLANG_WARN_CONSTANT_CONVERSION = YES;
				CLANG_WARN_DIRECT_OBJC_ISA_USAGE = YES_ERROR;
				CLANG_WARN_DOCUMENTATION_COMMENTS = YES;
				CLANG_WARN_EMPTY_BODY = YES;
				CLANG_WARN_ENUM_CONVERSION = YES;
				CLANG_WARN_INFINITE_RECURSION = YES;
				CLANG_WARN_INT_CONVERSION = YES;
				CLANG_WARN_NON_LITERAL_NULL_CONVERSION = YES;
				CLANG_WARN_OBJC_LITERAL_CONVERSION = YES;
				CLANG_WARN_OBJC_ROOT_CLASS = YES_ERROR;
				CLANG_WARN_RANGE_LOOP_ANALYSIS = YES;
				CLANG_WARN_STRICT_PROTOTYPES = YES;
				CLANG_WARN_SUSPICIOUS_MOVE = YES;
				CLANG_WARN_UNGUARDED_AVAILABILITY = YES_AGGRESSIVE;
				CLANG_WARN_UNREACHABLE_CODE = YES;
				CLANG_WARN__DUPLICATE_METHOD_MATCH = YES;
				CODE_SIGN_IDENTITY = "iPhone Developer";
				COPY_PHASE_STRIP = NO;
				DEBUG_INFORMATION_FORMAT = dwarf;
				ENABLE_STRICT_OBJC_MSGSEND = YES;
				ENABLE_TESTABILITY = YES;
				GCC_C_LANGUAGE_STANDARD = gnu11;
				GCC_DYNAMIC_NO_PIC = NO;
				GCC_NO_COMMON_BLOCKS = YES;
				GCC_OPTIMIZATION_LEVEL = 0;
				GCC_PREPROCESSOR_DEFINITIONS = (
					"DEBUG=1",
					"$(inherited)",
				);
				GCC_WARN_64_TO_32_BIT_CONVERSION = YES;
				GCC_WARN_ABOUT_RETURN_TYPE = YES_ERROR;
				GCC_WARN_UNDECLARED_SELECTOR = YES;
				GCC_WARN_UNINITIALIZED_AUTOS = YES_AGGRESSIVE;
				GCC_WARN_UNUSED_FUNCTION = YES;
				GCC_WARN_UNUSED_VARIABLE = YES;
				IPHONEOS_DEPLOYMENT_TARGET = 11.1;
				MTL_ENABLE_DEBUG_INFO = YES;
				ONLY_ACTIVE_ARCH = YES;
				SDKROOT = iphoneos;
				SWIFT_ACTIVE_COMPILATION_CONDITIONS = DEBUG;
				SWIFT_OPTIMIZATION_LEVEL = "-Onone";
			};
			name = Debug;
		};
		9CB5583F200E2FB60078AEDE /* Release */ = {
			isa = XCBuildConfiguration;
			buildSettings = {
				ALWAYS_SEARCH_USER_PATHS = NO;
				CLANG_ANALYZER_NONNULL = YES;
				CLANG_ANALYZER_NUMBER_OBJECT_CONVERSION = YES_AGGRESSIVE;
				CLANG_CXX_LANGUAGE_STANDARD = "gnu++14";
				CLANG_CXX_LIBRARY = "libc++";
				CLANG_ENABLE_MODULES = YES;
				CLANG_ENABLE_OBJC_ARC = YES;
				CLANG_WARN_BLOCK_CAPTURE_AUTORELEASING = YES;
				CLANG_WARN_BOOL_CONVERSION = YES;
				CLANG_WARN_COMMA = YES;
				CLANG_WARN_CONSTANT_CONVERSION = YES;
				CLANG_WARN_DIRECT_OBJC_ISA_USAGE = YES_ERROR;
				CLANG_WARN_DOCUMENTATION_COMMENTS = YES;
				CLANG_WARN_EMPTY_BODY = YES;
				CLANG_WARN_ENUM_CONVERSION = YES;
				CLANG_WARN_INFINITE_RECURSION = YES;
				CLANG_WARN_INT_CONVERSION = YES;
				CLANG_WARN_NON_LITERAL_NULL_CONVERSION = YES;
				CLANG_WARN_OBJC_LITERAL_CONVERSION = YES;
				CLANG_WARN_OBJC_ROOT_CLASS = YES_ERROR;
				CLANG_WARN_RANGE_LOOP_ANALYSIS = YES;
				CLANG_WARN_STRICT_PROTOTYPES = YES;
				CLANG_WARN_SUSPICIOUS_MOVE = YES;
				CLANG_WARN_UNGUARDED_AVAILABILITY = YES_AGGRESSIVE;
				CLANG_WARN_UNREACHABLE_CODE = YES;
				CLANG_WARN__DUPLICATE_METHOD_MATCH = YES;
				CODE_SIGN_IDENTITY = "iPhone Developer";
				COPY_PHASE_STRIP = NO;
				DEBUG_INFORMATION_FORMAT = "dwarf-with-dsym";
				ENABLE_NS_ASSERTIONS = NO;
				ENABLE_STRICT_OBJC_MSGSEND = YES;
				GCC_C_LANGUAGE_STANDARD = gnu11;
				GCC_NO_COMMON_BLOCKS = YES;
				GCC_WARN_64_TO_32_BIT_CONVERSION = YES;
				GCC_WARN_ABOUT_RETURN_TYPE = YES_ERROR;
				GCC_WARN_UNDECLARED_SELECTOR = YES;
				GCC_WARN_UNINITIALIZED_AUTOS = YES_AGGRESSIVE;
				GCC_WARN_UNUSED_FUNCTION = YES;
				GCC_WARN_UNUSED_VARIABLE = YES;
				IPHONEOS_DEPLOYMENT_TARGET = 11.1;
				MTL_ENABLE_DEBUG_INFO = NO;
				SDKROOT = iphoneos;
				SWIFT_OPTIMIZATION_LEVEL = "-Owholemodule";
				VALIDATE_PRODUCT = YES;
			};
			name = Release;
		};
		9CB55841200E2FB60078AEDE /* Debug */ = {
			isa = XCBuildConfiguration;
			buildSettings = {
				ASSETCATALOG_COMPILER_APPICON_NAME = AppIcon;
				CODE_SIGN_STYLE = Automatic;
				DEVELOPMENT_TEAM = 2KGH4RWYPW;
				INFOPLIST_FILE = "$(SRCROOT)/MyReader/Resources/Info.plist";
				IPHONEOS_DEPLOYMENT_TARGET = 10.0;
				LD_RUNPATH_SEARCH_PATHS = "$(inherited) @executable_path/Frameworks";
				PRODUCT_BUNDLE_IDENTIFIER = myron.MyReader;
				PRODUCT_NAME = "$(TARGET_NAME)";
				SWIFT_VERSION = 4.0;
				TARGETED_DEVICE_FAMILY = "1,2";
			};
			name = Debug;
		};
		9CB55842200E2FB60078AEDE /* Release */ = {
			isa = XCBuildConfiguration;
			buildSettings = {
				ASSETCATALOG_COMPILER_APPICON_NAME = AppIcon;
				CODE_SIGN_STYLE = Automatic;
				DEVELOPMENT_TEAM = 2KGH4RWYPW;
				INFOPLIST_FILE = "$(SRCROOT)/MyReader/Resources/Info.plist";
				IPHONEOS_DEPLOYMENT_TARGET = 10.0;
				LD_RUNPATH_SEARCH_PATHS = "$(inherited) @executable_path/Frameworks";
				PRODUCT_BUNDLE_IDENTIFIER = myron.MyReader;
				PRODUCT_NAME = "$(TARGET_NAME)";
				SWIFT_VERSION = 4.0;
				TARGETED_DEVICE_FAMILY = "1,2";
			};
			name = Release;
		};
/* End XCBuildConfiguration section */

/* Begin XCConfigurationList section */
		9CB55829200E2FB60078AEDE /* Build configuration list for PBXProject "MyReader" */ = {
			isa = XCConfigurationList;
			buildConfigurations = (
				9CB5583E200E2FB60078AEDE /* Debug */,
				9CB5583F200E2FB60078AEDE /* Release */,
			);
			defaultConfigurationIsVisible = 0;
			defaultConfigurationName = Release;
		};
		9CB55840200E2FB60078AEDE /* Build configuration list for PBXNativeTarget "MyReader" */ = {
			isa = XCConfigurationList;
			buildConfigurations = (
				9CB55841200E2FB60078AEDE /* Debug */,
				9CB55842200E2FB60078AEDE /* Release */,
			);
			defaultConfigurationIsVisible = 0;
			defaultConfigurationName = Release;
		};
/* End XCConfigurationList section */
	};
	rootObject = 9CB55826200E2FB60078AEDE /* Project object */;
}
